
Microsoft Visual Studio Solution File, Format Version 9.00
# Visual Studio 2005
# SharpDevelop 2.1.0.2201
Project("{FAE04EC0-301F-11D3-BF4B-00C04F79EFBC}") = "RailFenceCypher", "RailFenceCypher.csproj", "{0AECF8D7-A07C-4F17-AC0D-4CDBB40DC0CD}"
EndProject
Project("{FAE04EC0-301F-11D3-BF4B-00C04F79EFBC}") = "Tester", "Tester\Tester.csproj", "{012E104C-DBD8-4A34-A311-5329D2817175}"
EndProject
Global
	GlobalSection(SolutionConfigurationPlatforms) = preSolution
		Debug|Any CPU = Debug|Any CPU
		Release|Any CPU = Release|Any CPU
	EndGlobalSection
	GlobalSection(ProjectConfigurationPlatforms) = postSolution
		{0AECF8D7-A07C-4F17-AC0D-4CDBB40DC0CD}.Debug|Any CPU.Build.0 = Debug|Any CPU
		{0AECF8D7-A07C-4F17-AC0D-4CDBB40DC0CD}.Debug|Any CPU.ActiveCfg = Debug|Any CPU
		{0AECF8D7-A07C-4F17-AC0D-4CDBB40DC0CD}.Release|Any CPU.Build.0 = Release|Any CPU
		{0AECF8D7-A07C-4F17-AC0D-4CDBB40DC0CD}.Release|Any CPU.ActiveCfg = Release|Any CPU
		{012E104C-DBD8-4A34-A311-5329D2817175}.Debug|Any CPU.Build.0 = Debug|Any CPU
		{012E104C-DBD8-4A34-A311-5329D2817175}.Debug|Any CPU.ActiveCfg = Debug|Any CPU
		{012E104C-DBD8-4A34-A311-5329D2817175}.Release|Any CPU.Build.0 = Release|Any CPU
		{012E104C-DBD8-4A34-A311-5329D2817175}.Release|Any CPU.ActiveCfg = Release|Any CPU
	EndGlobalSection
EndGlobal
